{
  "name": "AdventOfCode2021",
  "lockfileVersion": 2,
  "requires": true,
  "packages": {
    "": {
      "dependencies": {
        "node-dijkstra": "2.5.0",
        "pathfinding": "github:qiao/PathFinding.js"
      }
    },
    "node_modules/heap": {
      "version": "0.2.5",
      "resolved": "https://registry.npmjs.org/heap/-/heap-0.2.5.tgz",
      "integrity": "sha1-cTtlWQ68xA/L7q9V6FFpQJKzmvE="
    },
    "node_modules/node-dijkstra": {
      "version": "2.5.0",
      "resolved": "https://registry.npmjs.org/node-dijkstra/-/node-dijkstra-2.5.0.tgz",
      "integrity": "sha1-D+t2xaBfNbVueG3m300zZK8o1Og="
    },
    "node_modules/pathfinding": {
      "version": "0.4.18",
      "resolved": "git+ssh://git@github.com/qiao/PathFinding.js.git#7b9c3ef3ef45f9130af5a1c1081be2d64305399f",
      "dependencies": {
        "heap": "0.2.5"
      }
    }
  },
  "dependencies": {
    "heap": {
      "version": "0.2.5",
      "resolved": "https://registry.npmjs.org/heap/-/heap-0.2.5.tgz",
      "integrity": "sha1-cTtlWQ68xA/L7q9V6FFpQJKzmvE="
    },
    "node-dijkstra": {
      "version": "2.5.0",
      "resolved": "https://registry.npmjs.org/node-dijkstra/-/node-dijkstra-2.5.0.tgz",
      "integrity": "sha1-D+t2xaBfNbVueG3m300zZK8o1Og="
    },
    "pathfinding": {
      "version": "git+ssh://git@github.com/qiao/PathFinding.js.git#7b9c3ef3ef45f9130af5a1c1081be2d64305399f",
      "from": "pathfinding@github:qiao/PathFinding.js",
      "requires": {
        "heap": "0.2.5"
      }
    }
  }
}
